
Microsoft Visual Studio Solution File, Format Version 12.00
Project("{2150E333-8FDC-42A3-9474-1A3956D46DE8}") = "Services", "Services", "{9E86DDAC-1E0B-4B51-9384-A9E6420D8918}"
EndProject
Project("{2150E333-8FDC-42A3-9474-1A3956D46DE8}") = "Catalog", "Catalog", "{C3A97D16-D3D7-451E-9C30-F55A50D19662}"
EndProject
Project("{FAE04EC0-301F-11D3-BF4B-00C04F79EFBC}") = "Catalog.API", "Services\Catalog\Catalog.API\Catalog.API.csproj", "{C7931E15-6926-4B11-A465-1C8B00FA035A}"
EndProject
Project("{2150E333-8FDC-42A3-9474-1A3956D46DE8}") = "BuildingBlocks", "BuildingBlocks", "{E3594AA6-D645-404A-AFD2-0692A7928B04}"
EndProject
Project("{FAE04EC0-301F-11D3-BF4B-00C04F79EFBC}") = "BuildingBlocks", "BuildingBlocks\BuildingBlocks\BuildingBlocks.csproj", "{DA3DDFAC-B715-48D3-85A4-8189991953F1}"
EndProject
Project("{E53339B2-1760-4266-BCC7-CA923CBCF16C}") = "docker-compose", "docker-compose.dcproj", "{6DCBEC70-4866-4297-9AD0-73928CCFA987}"
EndProject
Project("{2150E333-8FDC-42A3-9474-1A3956D46DE8}") = "Basket", "Basket", "{34533532-4966-42B4-A448-E1F9E53CC55F}"
EndProject
Project("{FAE04EC0-301F-11D3-BF4B-00C04F79EFBC}") = "Basket.API", "Services\Basket\Basket.API\Basket.API.csproj", "{DA997F2A-7B16-4848-8D80-EEB5FCE0AB29}"
EndProject
Project("{2150E333-8FDC-42A3-9474-1A3956D46DE8}") = "Discount", "Discount", "{278CAEAC-7C13-4F51-AB10-5389C1CB880C}"
EndProject
Project("{FAE04EC0-301F-11D3-BF4B-00C04F79EFBC}") = "Discount.Grpc", "Services\Discount\Discount.Grpc\Discount.Grpc.csproj", "{6F727EE1-72D2-4BDA-B579-3CE0FEC87129}"
EndProject
Project("{2150E333-8FDC-42A3-9474-1A3956D46DE8}") = "Ordering", "Ordering", "{44E9CA54-42E7-48A3-8383-A523AF146F3F}"
EndProject
Project("{FAE04EC0-301F-11D3-BF4B-00C04F79EFBC}") = "Ordering.API", "Services\Ordering\Ordering.API\Ordering.API.csproj", "{C402E50D-724D-4DA4-B2A9-EB993BDF4839}"
EndProject
Project("{FAE04EC0-301F-11D3-BF4B-00C04F79EFBC}") = "Ordering.Domain", "Services\Ordering\Ordering.Domain\Ordering.Domain.csproj", "{D558448A-F316-4DC7-BFD2-B93CA64D1C69}"
EndProject
Project("{FAE04EC0-301F-11D3-BF4B-00C04F79EFBC}") = "Ordering.Application", "Services\Ordering\Ordering.Application\Ordering.Application.csproj", "{CFFC5A14-2FE5-4223-91AA-E0940F7663E4}"
EndProject
Project("{FAE04EC0-301F-11D3-BF4B-00C04F79EFBC}") = "Ordering.Infrastructure", "Services\Ordering\Ordering.Infrastructure\Ordering.Infrastructure.csproj", "{C731112F-4CB0-42B0-9274-F8447408191E}"
EndProject
Global
	GlobalSection(SolutionConfigurationPlatforms) = preSolution
		Debug|Any CPU = Debug|Any CPU
		Release|Any CPU = Release|Any CPU
	EndGlobalSection
	GlobalSection(NestedProjects) = preSolution
		{C3A97D16-D3D7-451E-9C30-F55A50D19662} = {9E86DDAC-1E0B-4B51-9384-A9E6420D8918}
		{C7931E15-6926-4B11-A465-1C8B00FA035A} = {C3A97D16-D3D7-451E-9C30-F55A50D19662}
		{DA3DDFAC-B715-48D3-85A4-8189991953F1} = {E3594AA6-D645-404A-AFD2-0692A7928B04}
		{34533532-4966-42B4-A448-E1F9E53CC55F} = {9E86DDAC-1E0B-4B51-9384-A9E6420D8918}
		{DA997F2A-7B16-4848-8D80-EEB5FCE0AB29} = {34533532-4966-42B4-A448-E1F9E53CC55F}
		{278CAEAC-7C13-4F51-AB10-5389C1CB880C} = {9E86DDAC-1E0B-4B51-9384-A9E6420D8918}
		{6F727EE1-72D2-4BDA-B579-3CE0FEC87129} = {278CAEAC-7C13-4F51-AB10-5389C1CB880C}
		{44E9CA54-42E7-48A3-8383-A523AF146F3F} = {9E86DDAC-1E0B-4B51-9384-A9E6420D8918}
		{C402E50D-724D-4DA4-B2A9-EB993BDF4839} = {44E9CA54-42E7-48A3-8383-A523AF146F3F}
		{D558448A-F316-4DC7-BFD2-B93CA64D1C69} = {44E9CA54-42E7-48A3-8383-A523AF146F3F}
		{CFFC5A14-2FE5-4223-91AA-E0940F7663E4} = {44E9CA54-42E7-48A3-8383-A523AF146F3F}
		{C731112F-4CB0-42B0-9274-F8447408191E} = {44E9CA54-42E7-48A3-8383-A523AF146F3F}
	EndGlobalSection
	GlobalSection(ProjectConfigurationPlatforms) = postSolution
								{6DCBEC70-4866-4297-9AD0-73928CCFA987}.Debug|Any CPU.ActiveCfg = Debug|Any CPU
								{6DCBEC70-4866-4297-9AD0-73928CCFA987}.Debug|Any CPU.Build.0 = Debug|Any CPU
								{6DCBEC70-4866-4297-9AD0-73928CCFA987}.Release|Any CPU.ActiveCfg = Release|Any CPU
								{6DCBEC70-4866-4297-9AD0-73928CCFA987}.Release|Any CPU.Build.0 = Release|Any CPU
		{C7931E15-6926-4B11-A465-1C8B00FA035A}.Debug|Any CPU.ActiveCfg = Debug|Any CPU
		{C7931E15-6926-4B11-A465-1C8B00FA035A}.Debug|Any CPU.Build.0 = Debug|Any CPU
		{C7931E15-6926-4B11-A465-1C8B00FA035A}.Release|Any CPU.ActiveCfg = Release|Any CPU
		{C7931E15-6926-4B11-A465-1C8B00FA035A}.Release|Any CPU.Build.0 = Release|Any CPU
		{DA3DDFAC-B715-48D3-85A4-8189991953F1}.Debug|Any CPU.ActiveCfg = Debug|Any CPU
		{DA3DDFAC-B715-48D3-85A4-8189991953F1}.Debug|Any CPU.Build.0 = Debug|Any CPU
		{DA3DDFAC-B715-48D3-85A4-8189991953F1}.Release|Any CPU.ActiveCfg = Release|Any CPU
		{DA3DDFAC-B715-48D3-85A4-8189991953F1}.Release|Any CPU.Build.0 = Release|Any CPU
		{DA997F2A-7B16-4848-8D80-EEB5FCE0AB29}.Debug|Any CPU.ActiveCfg = Debug|Any CPU
		{DA997F2A-7B16-4848-8D80-EEB5FCE0AB29}.Debug|Any CPU.Build.0 = Debug|Any CPU
		{DA997F2A-7B16-4848-8D80-EEB5FCE0AB29}.Release|Any CPU.ActiveCfg = Release|Any CPU
		{DA997F2A-7B16-4848-8D80-EEB5FCE0AB29}.Release|Any CPU.Build.0 = Release|Any CPU
		{6F727EE1-72D2-4BDA-B579-3CE0FEC87129}.Debug|Any CPU.ActiveCfg = Debug|Any CPU
		{6F727EE1-72D2-4BDA-B579-3CE0FEC87129}.Debug|Any CPU.Build.0 = Debug|Any CPU
		{6F727EE1-72D2-4BDA-B579-3CE0FEC87129}.Release|Any CPU.ActiveCfg = Release|Any CPU
		{6F727EE1-72D2-4BDA-B579-3CE0FEC87129}.Release|Any CPU.Build.0 = Release|Any CPU
		{C402E50D-724D-4DA4-B2A9-EB993BDF4839}.Debug|Any CPU.ActiveCfg = Debug|Any CPU
		{C402E50D-724D-4DA4-B2A9-EB993BDF4839}.Debug|Any CPU.Build.0 = Debug|Any CPU
		{C402E50D-724D-4DA4-B2A9-EB993BDF4839}.Release|Any CPU.ActiveCfg = Release|Any CPU
		{C402E50D-724D-4DA4-B2A9-EB993BDF4839}.Release|Any CPU.Build.0 = Release|Any CPU
		{D558448A-F316-4DC7-BFD2-B93CA64D1C69}.Debug|Any CPU.ActiveCfg = Debug|Any CPU
		{D558448A-F316-4DC7-BFD2-B93CA64D1C69}.Debug|Any CPU.Build.0 = Debug|Any CPU
		{D558448A-F316-4DC7-BFD2-B93CA64D1C69}.Release|Any CPU.ActiveCfg = Release|Any CPU
		{D558448A-F316-4DC7-BFD2-B93CA64D1C69}.Release|Any CPU.Build.0 = Release|Any CPU
		{CFFC5A14-2FE5-4223-91AA-E0940F7663E4}.Debug|Any CPU.ActiveCfg = Debug|Any CPU
		{CFFC5A14-2FE5-4223-91AA-E0940F7663E4}.Debug|Any CPU.Build.0 = Debug|Any CPU
		{CFFC5A14-2FE5-4223-91AA-E0940F7663E4}.Release|Any CPU.ActiveCfg = Release|Any CPU
		{CFFC5A14-2FE5-4223-91AA-E0940F7663E4}.Release|Any CPU.Build.0 = Release|Any CPU
		{C731112F-4CB0-42B0-9274-F8447408191E}.Debug|Any CPU.ActiveCfg = Debug|Any CPU
		{C731112F-4CB0-42B0-9274-F8447408191E}.Debug|Any CPU.Build.0 = Debug|Any CPU
		{C731112F-4CB0-42B0-9274-F8447408191E}.Release|Any CPU.ActiveCfg = Release|Any CPU
		{C731112F-4CB0-42B0-9274-F8447408191E}.Release|Any CPU.Build.0 = Release|Any CPU
	EndGlobalSection
EndGlobal
