
Microsoft Visual Studio Solution File, Format Version 12.00
Project("{2150E333-8FDC-42A3-9474-1A3956D46DE8}") = "Services", "Services", "{9E86DDAC-1E0B-4B51-9384-A9E6420D8918}"
EndProject
Project("{2150E333-8FDC-42A3-9474-1A3956D46DE8}") = "Catalog", "Catalog", "{C3A97D16-D3D7-451E-9C30-F55A50D19662}"
EndProject
Project("{FAE04EC0-301F-11D3-BF4B-00C04F79EFBC}") = "Catalog.API", "Services\Catalog\Catalog.API\Catalog.API.csproj", "{C7931E15-6926-4B11-A465-1C8B00FA035A}"
EndProject
Project("{2150E333-8FDC-42A3-9474-1A3956D46DE8}") = "BuildingBlocks", "BuildingBlocks", "{E3594AA6-D645-404A-AFD2-0692A7928B04}"
EndProject
Project("{FAE04EC0-301F-11D3-BF4B-00C04F79EFBC}") = "BuildingBlocks", "BuildingBlocks\BuildingBlocks\BuildingBlocks.csproj", "{DA3DDFAC-B715-48D3-85A4-8189991953F1}"
EndProject
Project("{E53339B2-1760-4266-BCC7-CA923CBCF16C}") = "docker-compose", "docker-compose.dcproj", "{6DCBEC70-4866-4297-9AD0-73928CCFA987}"
EndProject
Project("{2150E333-8FDC-42A3-9474-1A3956D46DE8}") = "Basket", "Basket", "{34533532-4966-42B4-A448-E1F9E53CC55F}"
EndProject
Project("{FAE04EC0-301F-11D3-BF4B-00C04F79EFBC}") = "Basket.API", "Services\Basket\Basket.API\Basket.API.csproj", "{DA997F2A-7B16-4848-8D80-EEB5FCE0AB29}"
EndProject
Global
	GlobalSection(SolutionConfigurationPlatforms) = preSolution
		Debug|Any CPU = Debug|Any CPU
		Release|Any CPU = Release|Any CPU
	EndGlobalSection
	GlobalSection(NestedProjects) = preSolution
		{C3A97D16-D3D7-451E-9C30-F55A50D19662} = {9E86DDAC-1E0B-4B51-9384-A9E6420D8918}
		{C7931E15-6926-4B11-A465-1C8B00FA035A} = {C3A97D16-D3D7-451E-9C30-F55A50D19662}
		{DA3DDFAC-B715-48D3-85A4-8189991953F1} = {E3594AA6-D645-404A-AFD2-0692A7928B04}
		{34533532-4966-42B4-A448-E1F9E53CC55F} = {9E86DDAC-1E0B-4B51-9384-A9E6420D8918}
		{DA997F2A-7B16-4848-8D80-EEB5FCE0AB29} = {34533532-4966-42B4-A448-E1F9E53CC55F}
	EndGlobalSection
	GlobalSection(ProjectConfigurationPlatforms) = postSolution
								{6DCBEC70-4866-4297-9AD0-73928CCFA987}.Debug|Any CPU.ActiveCfg = Debug|Any CPU
								{6DCBEC70-4866-4297-9AD0-73928CCFA987}.Debug|Any CPU.Build.0 = Debug|Any CPU
								{6DCBEC70-4866-4297-9AD0-73928CCFA987}.Release|Any CPU.ActiveCfg = Release|Any CPU
								{6DCBEC70-4866-4297-9AD0-73928CCFA987}.Release|Any CPU.Build.0 = Release|Any CPU
		{C7931E15-6926-4B11-A465-1C8B00FA035A}.Debug|Any CPU.ActiveCfg = Debug|Any CPU
		{C7931E15-6926-4B11-A465-1C8B00FA035A}.Debug|Any CPU.Build.0 = Debug|Any CPU
		{C7931E15-6926-4B11-A465-1C8B00FA035A}.Release|Any CPU.ActiveCfg = Release|Any CPU
		{C7931E15-6926-4B11-A465-1C8B00FA035A}.Release|Any CPU.Build.0 = Release|Any CPU
		{DA3DDFAC-B715-48D3-85A4-8189991953F1}.Debug|Any CPU.ActiveCfg = Debug|Any CPU
		{DA3DDFAC-B715-48D3-85A4-8189991953F1}.Debug|Any CPU.Build.0 = Debug|Any CPU
		{DA3DDFAC-B715-48D3-85A4-8189991953F1}.Release|Any CPU.ActiveCfg = Release|Any CPU
		{DA3DDFAC-B715-48D3-85A4-8189991953F1}.Release|Any CPU.Build.0 = Release|Any CPU
		{DA997F2A-7B16-4848-8D80-EEB5FCE0AB29}.Debug|Any CPU.ActiveCfg = Debug|Any CPU
		{DA997F2A-7B16-4848-8D80-EEB5FCE0AB29}.Debug|Any CPU.Build.0 = Debug|Any CPU
		{DA997F2A-7B16-4848-8D80-EEB5FCE0AB29}.Release|Any CPU.ActiveCfg = Release|Any CPU
		{DA997F2A-7B16-4848-8D80-EEB5FCE0AB29}.Release|Any CPU.Build.0 = Release|Any CPU
	EndGlobalSection
EndGlobal
